<?xml version="1.0" encoding="utf-8"?>
<Project ToolsVersion="4.0" xmlns="http://schemas.microsoft.com/developer/msbuild/2003">
  <ItemGroup>
    <ClCompile Include="engine\Source\Component\BlendMode.cpp" />
    <ClCompile Include="engine\Source\Rendering\DebugRenderer.cpp" />
    <ClCompile Include="engine\Source\Component\Animation.cpp" />
    <ClCompile Include="engine\Source\Component\Object.cpp" />
    <ClCompile Include="engine\Source\Component\UVTransform.cpp" />
    <ClCompile Include="engine\Source\Scene\BitmapFont.cpp" />
    <ClCompile Include="engine\Source\Component\Footprint.cpp" />
    <ClCompile Include="engine\Source\Component\Light\SpotLight.cpp" />
    <ClCompile Include="engine\Source\Scene\Text.cpp" />
    <ClCompile Include="engine\Source\Rendering\DebugRenderer\CapsuleRenderer.cpp" />
    <ClCompile Include="engine\Source\Rendering\DebugRenderer\OBBRenderer.cpp" />
    <ClCompile Include="engine\Source\Rendering\DebugRenderer\PlaneRenderer.cpp" />
    <ClCompile Include="engine\Source\Component\Particle.cpp" />
    <ClCompile Include="engine\Source\Math\MathUtility.cpp" />
    <ClCompile Include="engine\Source\Rendering\Buffer\World.cpp" />
    <ClCompile Include="engine\Source\Rendering\DebugRenderer\AABBRenderer.cpp" />
    <ClCompile Include="engine\Source\Component\Transform.cpp" />
    <ClCompile Include="engine\Source\Component\Light\DirectionalLight.cpp" />
    <ClCompile Include="engine\Source\Component\Material.cpp" />
    <ClCompile Include="engine\Source\Core\Application.cpp" />
    <ClCompile Include="engine\Source\Core\Audio.cpp" />
    <ClCompile Include="engine\Source\Core\Device.cpp" />
    <ClCompile Include="engine\Source\Core\Input.cpp" />
    <ClCompile Include="engine\Source\Core\Window.cpp" />
    <ClCompile Include="engine\Source\Math\Collision.cpp" />
    <ClCompile Include="engine\Source\Math\Matrix\Matrix3x3.cpp" />
    <ClCompile Include="engine\Source\Math\Matrix\Matrix4x4.cpp" />
    <ClCompile Include="engine\Source\Math\PerlinNoise.cpp" />
    <ClCompile Include="engine\Source\Math\Vector\Vector2.cpp" />
    <ClCompile Include="engine\Source\Math\Vector\Vector3.cpp" />
    <ClCompile Include="engine\Source\Math\Vector\Vector4.cpp" />
    <ClCompile Include="engine\Source\Rendering\Buffer\ConstantBuffer.cpp" />
    <ClCompile Include="engine\Source\Rendering\DescriptorHeap.cpp" />
    <ClCompile Include="engine\Source\Rendering\Buffer\IndexBuffer.cpp" />
    <ClCompile Include="engine\Source\Component\Model.cpp" />
    <ClCompile Include="engine\Source\Rendering\PipelineState.cpp" />
    <ClCompile Include="engine\Source\Rendering\Renderer.cpp" />
    <ClCompile Include="engine\Source\Rendering\Buffer\Resource.cpp" />
    <ClCompile Include="engine\Source\Rendering\RootSignature.cpp" />
    <ClCompile Include="engine\Source\Component\Sprite.cpp" />
    <ClCompile Include="engine\Source\Asset\Texture.cpp" />
    <ClCompile Include="engine\Source\Rendering\Buffer\VertexBuffer.cpp" />
    <ClCompile Include="engine\Source\Scene\BaseScene.cpp" />
    <ClCompile Include="engine\Source\Component\Camera.cpp" />
    <ClCompile Include="engine\Source\Scene\DebugCamera.cpp" />
    <ClCompile Include="engine\Source\Scene\Fade.cpp" />
    <ClCompile Include="engine\Source\Rendering\DebugRenderer\Grid.cpp" />
    <ClCompile Include="engine\Source\MapChip\MapChipCollisionManager.cpp" />
    <ClCompile Include="engine\Source\MapChip\MapChipField.cpp" />
    <ClCompile Include="engine\Source\Scene\SceneManager.cpp" />
    <ClCompile Include="engine\Source\Utilities\D3DResourceLeakChecker.cpp" />
    <ClCompile Include="engine\Source\Utilities\ImGuiManager.cpp" />
    <ClCompile Include="engine\Source\Utilities\Logger.cpp" />
    <ClCompile Include="engine\Source\Utilities\StringConverter.cpp" />
    <ClCompile Include="engine\Source\Rendering\DebugRenderer\FrustumRenderer.cpp" />
    <ClCompile Include="game\Source\Scene\SampleScene.cpp" />
    <ClCompile Include="engine\Source\Component\IndirectCommand.cpp" />
    <ClCompile Include="main.cpp" />
    <ClCompile Include="engine\Source\Asset\Mesh.cpp" />
    <ClCompile Include="engine\Source\Physics\RigidBody.cpp" />
    <ClCompile Include="engine\Source\Rendering\DebugRenderer\SphereRenderer.cpp" />
    <ClCompile Include="game\Source\Model\SkyboxEntity.cpp" />
    <ClCompile Include="engine\Source\Component\Light\PointLight.cpp" />
    <ClCompile Include="engine\Source\Math\Quaternion.cpp" />
    <ClCompile Include="engine\Source\System\QuadricErrorMetrics.cpp" />
    <ClCompile Include="engine\Source\Component\Skybox.cpp" />
    <ClCompile Include="engine\Source\System\TreeGenerator.cpp" />
    <ClCompile Include="game\Source\Model\AnimatedCube.cpp" />
    <ClCompile Include="engine\Source\System\HierarchyWindow.cpp" />
    <ClCompile Include="engine\Source\System\InspectorWindow.cpp" />
    <ClCompile Include="game\Source\Model\SimpleSkin.cpp" />
    <ClCompile Include="game\Source\Model\Human.cpp" />
    <ClCompile Include="engine\Source\Rendering\DebugRenderer\SkeletonRenderer.cpp" />
    <ClCompile Include="engine\Source\System\CollisionSystem.cpp" />
    <ClCompile Include="engine\Source\System\SceneViewWindow.cpp" />
    <ClCompile Include="engine\Source\System\GameViewWindow.cpp" />
    <ClCompile Include="engine\Source\System\TransformManipulator.cpp" />
    <ClCompile Include="engine\Source\Asset\SkinCluster.cpp" />
    <ClCompile Include="engine\Source\Component\Primitive.cpp" />
    <ClCompile Include="game\Source\Model\ParticleObject.cpp" />
  </ItemGroup>
  <ItemGroup>
    <ClInclude Include="engine\Include\Scene\SoundHandle.h" />
    <ClInclude Include="engine\Include\Rendering\DebugRenderer.h" />
    <ClInclude Include="engine\Include\Component\Animation.h" />
    <ClInclude Include="engine\Include\Component\Object.h" />
    <ClInclude Include="engine\Include\Component\UVTransform.h" />
    <ClInclude Include="engine\Include\Scene\BitmapFont.h" />
    <ClInclude Include="engine\Include\Component\Footprint.h" />
    <ClInclude Include="engine\Include\Component\FootprintMap.h" />
    <ClInclude Include="engine\Include\Component\Light\SpotLight.h" />
    <ClInclude Include="engine\Include\Component\BlendMode.h" />
    <ClInclude Include="engine\Include\Scene\Text.h" />
    <ClInclude Include="engine\Include\Rendering\DebugRenderer\CapsuleRenderer.h" />
    <ClInclude Include="engine\Include\Rendering\DebugRenderer\OBBRenderer.h" />
    <ClInclude Include="engine\Include\Rendering\DebugRenderer\PlaneRenderer.h" />
    <ClInclude Include="engine\Include\Component\Particle.h" />
    <ClInclude Include="engine\Include\Math\MathUtility.h" />
    <ClInclude Include="engine\Include\Rendering\Buffer\World.h" />
    <ClInclude Include="engine\Include\Rendering\DebugRenderer\AABBRenderer.h" />
    <ClInclude Include="engine\Include\Asset\VertexData.h" />
    <ClInclude Include="engine\Include\Component\Light\DirectionalLight.h" />
    <ClInclude Include="engine\Include\Component\Material.h" />
    <ClInclude Include="engine\Include\Component\Transform.h" />
    <ClInclude Include="engine\Include\Core\Application.h" />
    <ClInclude Include="engine\Include\Core\Audio.h" />
    <ClInclude Include="engine\Include\Core\Device.h" />
    <ClInclude Include="engine\Include\Core\Input.h" />
    <ClInclude Include="engine\Include\Core\Window.h" />
    <ClInclude Include="engine\Include\Math\Collision.h" />
    <ClInclude Include="engine\Include\Math\Easing.h" />
    <ClInclude Include="engine\Include\Math\Matrix\Matrix3x3.h" />
    <ClInclude Include="engine\Include\Math\Matrix\Matrix4x4.h" />
    <ClInclude Include="engine\Include\Math\PerlinNoise.h" />
    <ClInclude Include="engine\Include\Math\Random.h" />
    <ClInclude Include="engine\Include\Math\Vector\Vector2.h" />
    <ClInclude Include="engine\Include\Math\Vector\Vector3.h" />
    <ClInclude Include="engine\Include\Math\Vector\Vector4.h" />
    <ClInclude Include="engine\Include\Rendering\Buffer\ConstantBuffer.h" />
    <ClInclude Include="engine\Include\Rendering\DescriptorHeap.h" />
    <ClInclude Include="engine\Include\Rendering\Buffer\IndexBuffer.h" />
    <ClInclude Include="engine\Include\Component\Model.h" />
    <ClInclude Include="engine\Include\Rendering\PipelineState.h" />
    <ClInclude Include="engine\Include\Rendering\Renderer.h" />
    <ClInclude Include="engine\Include\Rendering\Buffer\Resource.h" />
    <ClInclude Include="engine\Include\Rendering\RootSignature.h" />
    <ClInclude Include="engine\Include\Component\Sprite.h" />
    <ClInclude Include="engine\Include\Asset\Texture.h" />
    <ClInclude Include="engine\Include\Rendering\Buffer\VertexBuffer.h" />
    <ClInclude Include="engine\Include\Scene\BaseScene.h" />
    <ClInclude Include="engine\Include\Component\Camera.h" />
    <ClInclude Include="engine\Include\Scene\DebugCamera.h" />
    <ClInclude Include="engine\Include\Scene\Fade.h" />
    <ClInclude Include="engine\Include\Rendering\DebugRenderer\Grid.h" />
    <ClInclude Include="engine\Include\MapChip\MapChipCollider.h" />
    <ClInclude Include="engine\Include\MapChip\MapChipCollisionManager.h" />
    <ClInclude Include="engine\Include\MapChip\MapChipField.h" />
    <ClInclude Include="engine\Include\Scene\SceneManager.h" />
    <ClInclude Include="engine\Include\System\EntityComponentSystem.h" />
    <ClInclude Include="engine\Include\Utilities\D3DResourceLeakChecker.h" />
    <ClInclude Include="engine\Include\Utilities\ImGuiManager.h" />
    <ClInclude Include="engine\Include\Utilities\Logger.h" />
    <ClInclude Include="engine\Include\Utilities\StringConverter.h" />
    <ClInclude Include="engine\Include\Asset\Mesh.h" />
    <ClInclude Include="engine\Include\Rendering\DebugRenderer\FrustumRenderer.h" />
    <ClInclude Include="game\Include\Scene\SampleScene.h" />
    <ClInclude Include="engine\Include\Physics\RigidBody.h" />
    <ClInclude Include="engine\Include\Rendering\DebugRenderer\SphereRenderer.h" />
    <ClInclude Include="game\Include\Model\SkyboxEntity.h" />
    <ClInclude Include="engine\Include\Component\Light\PointLight.h" />
    <ClInclude Include="engine\Include\Math\Quaternion.h" />
    <ClInclude Include="engine\Include\Component\IndirectCommand.h" />
    <ClInclude Include="engine\Include\Utilities\CPUTimer.h" />
    <ClInclude Include="engine\Include\System\QuadricErrorMetrics.h" />
    <ClInclude Include="engine\Include\Component\Skybox.h" />
    <ClInclude Include="engine\Include\System\TreeGenerator.h" />
    <ClInclude Include="game\Include\Model\AnimatedCube.h" />
    <ClInclude Include="engine\Include\Component\MeshType.h" />
    <ClInclude Include="engine\Include\System\ComponentDrawerRegistry.h" />
    <ClInclude Include="engine\Include\System\HierarchyWindow.h" />
    <ClInclude Include="engine\Include\System\InspectorWindow.h" />
    <ClInclude Include="engine\Include\System\SelectionContext.h" />
    <ClInclude Include="game\Include\Model\SimpleSkin.h" />
    <ClInclude Include="game\Include\Model\Human.h" />
    <ClInclude Include="engine\Include\Rendering\DebugRenderer\SkeletonRenderer.h" />
    <ClInclude Include="engine\Include\System\CollisionSystem.h" />
    <ClInclude Include="engine\Include\System\SceneViewWindow.h" />
    <ClInclude Include="engine\Include\System\GameViewWindow.h" />
    <ClInclude Include="engine\Include\System\TransformManipulator.h" />
    <ClInclude Include="engine\Include\Asset\SkinCluster.h" />
    <ClInclude Include="engine\Include\Component\Primitive.h" />
    <ClInclude Include="game\Include\Model\ParticleObject.h" />
  </ItemGroup>
  <ItemGroup>
    <None Include="packages.config" />
  </ItemGroup>
</Project>