<?xml version="1.0" encoding="utf-8"?>
<Project ToolsVersion="4.0" xmlns="http://schemas.microsoft.com/developer/msbuild/2003">
  <ItemGroup>
    <ClCompile Include="engine\Source\Component\BlendMode.cpp" />
    <ClCompile Include="game\Source\Object\Button.cpp" />
    <ClCompile Include="game\Source\Object\AngelStatue.cpp" />
    <ClCompile Include="game\Source\Object\Building.cpp" />
    <ClCompile Include="engine\Source\Rendering\DebugRenderer.cpp" />
    <ClCompile Include="engine\Source\Component\Animation.cpp" />
    <ClCompile Include="engine\Source\Component\Object.cpp" />
    <ClCompile Include="engine\Source\Component\UVTransform.cpp" />
    <ClCompile Include="engine\Source\Scene\BitmapFont.cpp" />
    <ClCompile Include="engine\Source\Component\Footprint.cpp" />
    <ClCompile Include="engine\Source\Component\SpotLight.cpp" />
    <ClCompile Include="engine\Source\Scene\Text.cpp" />
    <ClCompile Include="game\Source\Object\Player\Behavior\AttackBehavior\PlayerAttackBehaviorEnd.cpp" />
    <ClCompile Include="game\Source\Object\Player\Behavior\AttackBehavior\PlayerAttackBehaviorStart.cpp" />
    <ClCompile Include="game\Source\Object\Player\Behavior\AttackBehavior\PlayerAttackBehaviorSwing.cpp" />
    <ClCompile Include="game\Source\Object\Player\Behavior\PlayerBehaviorJump.cpp" />
    <ClCompile Include="game\Source\Object\Player\Behavior\PlayerBehaviorRoot.cpp" />
    <ClCompile Include="game\Source\Object\Player\Behavior\PlayerBehaviorDash.cpp" />
    <ClCompile Include="game\Source\Object\Player\Behavior\PlayerBehaviorAttack.cpp" />
    <ClCompile Include="game\Source\Object\ArmParticle.cpp" />
    <ClCompile Include="game\Source\Object\DeathParticle.cpp" />
    <ClCompile Include="game\Source\Object\Enemy.cpp" />
    <ClCompile Include="engine\Source\Rendering\DebugRenderer\Capsule.cpp" />
    <ClCompile Include="engine\Source\Rendering\DebugRenderer\OBB.cpp" />
    <ClCompile Include="engine\Source\Rendering\DebugRenderer\Plane.cpp" />
    <ClCompile Include="engine\Source\Component\Particle.cpp" />
    <ClCompile Include="engine\Source\Math\MathUtility.cpp" />
    <ClCompile Include="engine\Source\Rendering\Buffer\World.cpp" />
    <ClCompile Include="engine\Source\Rendering\DebugRenderer\AABB.cpp" />
    <ClCompile Include="engine\Source\Component\Transform.cpp" />
    <ClCompile Include="engine\Source\Component\DirectionalLight.cpp" />
    <ClCompile Include="engine\Source\Component\Material.cpp" />
    <ClCompile Include="engine\Source\Core\Application.cpp" />
    <ClCompile Include="engine\Source\Core\Audio.cpp" />
    <ClCompile Include="engine\Source\Core\Device.cpp" />
    <ClCompile Include="engine\Source\Core\Input.cpp" />
    <ClCompile Include="engine\Source\Core\Window.cpp" />
    <ClCompile Include="engine\Source\Math\Collision.cpp" />
    <ClCompile Include="engine\Source\Math\Matrix\Matrix3x3.cpp" />
    <ClCompile Include="engine\Source\Math\Matrix\Matrix4x4.cpp" />
    <ClCompile Include="engine\Source\Math\PerlinNoise.cpp" />
    <ClCompile Include="engine\Source\Math\Vector\Vector2.cpp" />
    <ClCompile Include="engine\Source\Math\Vector\Vector3.cpp" />
    <ClCompile Include="engine\Source\Math\Vector\Vector4.cpp" />
    <ClCompile Include="engine\Source\Rendering\Buffer\ConstantBuffer.cpp" />
    <ClCompile Include="engine\Source\Rendering\DescriptorHeap.cpp" />
    <ClCompile Include="engine\Source\Rendering\Buffer\IndexBuffer.cpp" />
    <ClCompile Include="engine\Source\Component\Model.cpp" />
    <ClCompile Include="engine\Source\Rendering\PipelineState.cpp" />
    <ClCompile Include="engine\Source\Rendering\Renderer.cpp" />
    <ClCompile Include="engine\Source\Rendering\Buffer\Resource.cpp" />
    <ClCompile Include="engine\Source\Rendering\RootSignature.cpp" />
    <ClCompile Include="engine\Source\Component\Sprite.cpp" />
    <ClCompile Include="engine\Source\Asset\Texture.cpp" />
    <ClCompile Include="engine\Source\Rendering\Buffer\VertexBuffer.cpp" />
    <ClCompile Include="engine\Source\Scene\BaseScene.cpp" />
    <ClCompile Include="engine\Source\Component\Camera.cpp" />
    <ClCompile Include="engine\Source\Scene\DebugCamera.cpp" />
    <ClCompile Include="engine\Source\Scene\Fade.cpp" />
    <ClCompile Include="engine\Source\Rendering\DebugRenderer\Grid.cpp" />
    <ClCompile Include="engine\Source\MapChip\MapChipCollisionManager.cpp" />
    <ClCompile Include="engine\Source\MapChip\MapChipField.cpp" />
    <ClCompile Include="engine\Source\Scene\SceneManager.cpp" />
    <ClCompile Include="engine\Source\Utilities\D3DResourceLeakChecker.cpp" />
    <ClCompile Include="engine\Source\Utilities\ImGuiManager.cpp" />
    <ClCompile Include="engine\Source\Utilities\Logger.cpp" />
    <ClCompile Include="engine\Source\Utilities\StringConverter.cpp" />
    <ClCompile Include="engine\Source\Rendering\DebugRenderer\Frustum.cpp" />
    <ClCompile Include="game\Source\Scene\GameScene\GameScene.cpp" />
    <ClCompile Include="game\Source\Scene\GameScene\Phase\GameScenePhaseClear.cpp" />
    <ClCompile Include="game\Source\Scene\GameScene\Phase\GameScenePhaseClearFadeIn.cpp" />
    <ClCompile Include="game\Source\Scene\GameScene\Phase\GameScenePhaseClearFadeOut.cpp" />
    <ClCompile Include="game\Source\Scene\GameScene\Phase\GameScenePhaseDeath.cpp" />
    <ClCompile Include="game\Source\Scene\GameScene\Phase\GameScenePhasePlay.cpp" />
    <ClCompile Include="game\Source\Scene\GameScene\Phase\GameScenePhasePlayFadeIn.cpp" />
    <ClCompile Include="game\Source\Scene\GameScene\Phase\GameScenePhasePlayFadeOut.cpp" />
    <ClCompile Include="game\Source\Scene\SampleScene.cpp" />
    <ClCompile Include="game\Source\Object\Ground.cpp" />
    <ClCompile Include="game\Source\System\CameraController.cpp" />
    <ClCompile Include="engine\Source\Component\IndirectCommand.cpp" />
    <ClCompile Include="main.cpp" />
    <ClCompile Include="engine\Source\Asset\Mesh.cpp" />
    <ClCompile Include="game\Source\Object\Player\Player.cpp" />
    <ClCompile Include="engine\Source\Physics\RigidBody.cpp" />
    <ClCompile Include="engine\Source\Rendering\DebugRenderer\Sphere.cpp" />
    <ClCompile Include="game\Source\Object\SkyboxEntity.cpp" />
    <ClCompile Include="game\Source\Object\AttackParticle.cpp" />
    <ClCompile Include="engine\Source\Component\PointLight.cpp" />
    <ClCompile Include="engine\Source\Math\Quaternion.cpp" />
    <ClCompile Include="game\Source\Object\Wall.cpp" />
    <ClCompile Include="game\Source\Scene\TitleScene\TitleScene.cpp" />
    <ClCompile Include="game\Source\Scene\TitleScene\Phase\TitleScenePhaseFadeIn.cpp" />
    <ClCompile Include="game\Source\Scene\TitleScene\Phase\TitleScenePhaseFadeOut.cpp" />
    <ClCompile Include="game\Source\Scene\TitleScene\Phase\TitleScenePhaseMain.cpp" />
    <ClCompile Include="game\Source\Object\Title.cpp" />
    <ClCompile Include="engine\Source\System\QuadricErrorMetrics.cpp" />
    <ClCompile Include="engine\Source\Component\Skybox.cpp" />
  </ItemGroup>
  <ItemGroup>
    <ClInclude Include="engine\Include\Scene\SoundHandle.h" />
    <ClInclude Include="game\Include\Object\Button.h" />
    <ClInclude Include="game\Include\Object\AngelStatue.h" />
    <ClInclude Include="game\Include\Object\Building.h" />
    <ClInclude Include="engine\Include\Rendering\DebugRenderer.h" />
    <ClInclude Include="engine\Include\Component\Animation.h" />
    <ClInclude Include="engine\Include\Component\Object.h" />
    <ClInclude Include="engine\Include\Component\UVTransform.h" />
    <ClInclude Include="engine\Include\Scene\BitmapFont.h" />
    <ClInclude Include="engine\Include\Component\Footprint.h" />
    <ClInclude Include="engine\Include\Component\FootprintMap.h" />
    <ClInclude Include="engine\Include\Component\SpotLight.h" />
    <ClInclude Include="engine\Include\Component\BlendMode.h" />
    <ClInclude Include="engine\Include\Scene\Text.h" />
    <ClInclude Include="game\Include\Object\ArmParticle.h" />
    <ClInclude Include="game\Include\Object\DeathParticle.h" />
    <ClInclude Include="game\Include\Object\Enemy.h" />
    <ClInclude Include="engine\Include\Rendering\DebugRenderer\Capsule.h" />
    <ClInclude Include="engine\Include\Rendering\DebugRenderer\OBB.h" />
    <ClInclude Include="engine\Include\Rendering\DebugRenderer\Plane.h" />
    <ClInclude Include="game\Include\Object\Player\Behavior\AttackBehavior\BasePlayerAttackBehavior.h" />
    <ClInclude Include="game\Include\Object\Player\Behavior\AttackBehavior\PlayerAttackBehaviorEnd.h" />
    <ClInclude Include="game\Include\Object\Player\Behavior\AttackBehavior\PlayerAttackBehaviorStart.h" />
    <ClInclude Include="game\Include\Object\Player\Behavior\AttackBehavior\PlayerAttackBehaviorSwing.h" />
    <ClInclude Include="game\Include\Object\Player\Behavior\BasePlayerBehavior.h" />
    <ClInclude Include="game\Include\Object\Player\Behavior\PlayerBehaviorAttack.h" />
    <ClInclude Include="game\Include\Object\Player\Behavior\PlayerBehaviorDash.h" />
    <ClInclude Include="game\Include\Object\Player\Behavior\PlayerBehaviorJump.h" />
    <ClInclude Include="game\Include\Object\Player\Behavior\PlayerBehaviorRoot.h" />
    <ClInclude Include="game\Include\Scene\GameScene\Phase\BaseGameScenePhase.h" />
    <ClInclude Include="game\Include\Scene\GameScene\Phase\GameScenePhaseClear.h" />
    <ClInclude Include="game\Include\Scene\GameScene\Phase\GameScenePhaseClearFadeIn.h" />
    <ClInclude Include="game\Include\Scene\GameScene\Phase\GameScenePhaseClearFadeOut.h" />
    <ClInclude Include="game\Include\Scene\GameScene\Phase\GameScenePhaseDeath.h" />
    <ClInclude Include="game\Include\Scene\GameScene\Phase\GameScenePhasePlay.h" />
    <ClInclude Include="game\Include\Scene\GameScene\Phase\GameScenePhasePlayFadeIn.h" />
    <ClInclude Include="game\Include\Scene\GameScene\Phase\GameScenePhasePlayFadeOut.h" />
    <ClInclude Include="game\Include\Scene\TitleScene\Phase\BaseTitleScenePhase.h" />
    <ClInclude Include="game\Include\System\CameraController.h" />
    <ClInclude Include="engine\Include\Component\Particle.h" />
    <ClInclude Include="engine\Include\Math\MathUtility.h" />
    <ClInclude Include="engine\Include\Rendering\Buffer\World.h" />
    <ClInclude Include="engine\Include\Rendering\DebugRenderer\AABB.h" />
    <ClInclude Include="engine\Include\Asset\VertexData.h" />
    <ClInclude Include="engine\Include\Component\DirectionalLight.h" />
    <ClInclude Include="engine\Include\Component\Material.h" />
    <ClInclude Include="engine\Include\Component\Transform.h" />
    <ClInclude Include="engine\Include\Core\Application.h" />
    <ClInclude Include="engine\Include\Core\Audio.h" />
    <ClInclude Include="engine\Include\Core\Device.h" />
    <ClInclude Include="engine\Include\Core\Input.h" />
    <ClInclude Include="engine\Include\Core\Window.h" />
    <ClInclude Include="engine\Include\Math\Collision.h" />
    <ClInclude Include="engine\Include\Math\Easing.h" />
    <ClInclude Include="engine\Include\Math\Matrix\Matrix3x3.h" />
    <ClInclude Include="engine\Include\Math\Matrix\Matrix4x4.h" />
    <ClInclude Include="engine\Include\Math\PerlinNoise.h" />
    <ClInclude Include="engine\Include\Math\Random.h" />
    <ClInclude Include="engine\Include\Math\Vector\Vector2.h" />
    <ClInclude Include="engine\Include\Math\Vector\Vector3.h" />
    <ClInclude Include="engine\Include\Math\Vector\Vector4.h" />
    <ClInclude Include="engine\Include\Rendering\Buffer\ConstantBuffer.h" />
    <ClInclude Include="engine\Include\Rendering\DescriptorHeap.h" />
    <ClInclude Include="engine\Include\Rendering\Buffer\IndexBuffer.h" />
    <ClInclude Include="engine\Include\Component\Model.h" />
    <ClInclude Include="engine\Include\Rendering\PipelineState.h" />
    <ClInclude Include="engine\Include\Rendering\Renderer.h" />
    <ClInclude Include="engine\Include\Rendering\Buffer\Resource.h" />
    <ClInclude Include="engine\Include\Rendering\RootSignature.h" />
    <ClInclude Include="engine\Include\Component\Sprite.h" />
    <ClInclude Include="engine\Include\Asset\Texture.h" />
    <ClInclude Include="engine\Include\Rendering\Buffer\VertexBuffer.h" />
    <ClInclude Include="engine\Include\Scene\BaseScene.h" />
    <ClInclude Include="engine\Include\Component\Camera.h" />
    <ClInclude Include="engine\Include\Scene\DebugCamera.h" />
    <ClInclude Include="engine\Include\Scene\Fade.h" />
    <ClInclude Include="engine\Include\Rendering\DebugRenderer\Grid.h" />
    <ClInclude Include="engine\Include\MapChip\MapChipCollider.h" />
    <ClInclude Include="engine\Include\MapChip\MapChipCollisionManager.h" />
    <ClInclude Include="engine\Include\MapChip\MapChipField.h" />
    <ClInclude Include="engine\Include\Scene\SceneManager.h" />
    <ClInclude Include="engine\Include\System\EntityComponentSystem.h" />
    <ClInclude Include="engine\Include\Utilities\D3DResourceLeakChecker.h" />
    <ClInclude Include="engine\Include\Utilities\ImGuiManager.h" />
    <ClInclude Include="engine\Include\Utilities\Logger.h" />
    <ClInclude Include="engine\Include\Utilities\StringConverter.h" />
    <ClInclude Include="engine\Include\Asset\Mesh.h" />
    <ClInclude Include="engine\Include\Rendering\DebugRenderer\Frustum.h" />
    <ClInclude Include="game\Include\Scene\GameScene\GameScene.h" />
    <ClInclude Include="game\Include\Scene\SampleScene.h" />
    <ClInclude Include="game\Include\Object\Player\Player.h" />
    <ClInclude Include="engine\Include\Physics\RigidBody.h" />
    <ClInclude Include="engine\Include\Rendering\DebugRenderer\Sphere.h" />
    <ClInclude Include="game\Include\Object\Ground.h" />
    <ClInclude Include="game\Include\Object\SkyboxEntity.h" />
    <ClInclude Include="game\Include\Object\AttackParticle.h" />
    <ClInclude Include="engine\Include\Component\PointLight.h" />
    <ClInclude Include="engine\Include\Math\Quaternion.h" />
    <ClInclude Include="engine\Include\Component\IndirectCommand.h" />
    <ClInclude Include="game\Include\Object\Wall.h" />
    <ClInclude Include="game\Include\Scene\TitleScene\TitleScene.h" />
    <ClInclude Include="game\Include\Scene\TitleScene\Phase\TitleScenePhaseFadeIn.h" />
    <ClInclude Include="game\Include\Scene\TitleScene\Phase\TitleScenePhaseFadeOut.h" />
    <ClInclude Include="game\Include\Scene\TitleScene\Phase\TitleScenePhaseMain.h" />
    <ClInclude Include="game\Include\Object\Title.h" />
    <ClInclude Include="engine\Include\Utilities\CPUTimer.h" />
    <ClInclude Include="engine\Include\System\QuadricErrorMetrics.h" />
    <ClInclude Include="engine\Include\Component\Skybox.h" />
  </ItemGroup>
</Project>